
Microsoft Visual Studio Solution File, Format Version 12.00
# Visual Studio Version 16
VisualStudioVersion = 16.0.30413.136
MinimumVisualStudioVersion = 10.0.40219.1
Project("{9A19103F-16F7-4668-BE54-9A1E7A4F7556}") = "Core", "Core\Core.csproj", "{ACB459BE-7055-4ECE-9C3F-871691519B26}"
EndProject
Project("{9A19103F-16F7-4668-BE54-9A1E7A4F7556}") = "Services", "Service\Services.csproj", "{29871575-F210-4B86-8973-988E795593A7}"
EndProject
Project("{9A19103F-16F7-4668-BE54-9A1E7A4F7556}") = "Data", "Data\Data.csproj", "{72A98312-3F9A-4DD0-9038-F1BEC423F169}"
EndProject
Project("{9A19103F-16F7-4668-BE54-9A1E7A4F7556}") = "API", "API\API.csproj", "{CCD36A1D-689D-4785-B527-858C8B226936}"
EndProject
Global
	GlobalSection(SolutionConfigurationPlatforms) = preSolution
		Debug|Any CPU = Debug|Any CPU
		Release|Any CPU = Release|Any CPU
	EndGlobalSection
	GlobalSection(ProjectConfigurationPlatforms) = postSolution
		{ACB459BE-7055-4ECE-9C3F-871691519B26}.Debug|Any CPU.ActiveCfg = Debug|Any CPU
		{ACB459BE-7055-4ECE-9C3F-871691519B26}.Debug|Any CPU.Build.0 = Debug|Any CPU
		{ACB459BE-7055-4ECE-9C3F-871691519B26}.Release|Any CPU.ActiveCfg = Release|Any CPU
		{ACB459BE-7055-4ECE-9C3F-871691519B26}.Release|Any CPU.Build.0 = Release|Any CPU
		{29871575-F210-4B86-8973-988E795593A7}.Debug|Any CPU.ActiveCfg = Debug|Any CPU
		{29871575-F210-4B86-8973-988E795593A7}.Debug|Any CPU.Build.0 = Debug|Any CPU
		{29871575-F210-4B86-8973-988E795593A7}.Release|Any CPU.ActiveCfg = Release|Any CPU
		{29871575-F210-4B86-8973-988E795593A7}.Release|Any CPU.Build.0 = Release|Any CPU
		{72A98312-3F9A-4DD0-9038-F1BEC423F169}.Debug|Any CPU.ActiveCfg = Debug|Any CPU
		{72A98312-3F9A-4DD0-9038-F1BEC423F169}.Debug|Any CPU.Build.0 = Debug|Any CPU
		{72A98312-3F9A-4DD0-9038-F1BEC423F169}.Release|Any CPU.ActiveCfg = Release|Any CPU
		{72A98312-3F9A-4DD0-9038-F1BEC423F169}.Release|Any CPU.Build.0 = Release|Any CPU
		{CCD36A1D-689D-4785-B527-858C8B226936}.Debug|Any CPU.ActiveCfg = Debug|Any CPU
		{CCD36A1D-689D-4785-B527-858C8B226936}.Debug|Any CPU.Build.0 = Debug|Any CPU
		{CCD36A1D-689D-4785-B527-858C8B226936}.Release|Any CPU.ActiveCfg = Release|Any CPU
		{CCD36A1D-689D-4785-B527-858C8B226936}.Release|Any CPU.Build.0 = Release|Any CPU
	EndGlobalSection
	GlobalSection(SolutionProperties) = preSolution
		HideSolutionNode = FALSE
	EndGlobalSection
	GlobalSection(ExtensibilityGlobals) = postSolution
		SolutionGuid = {C117A1CF-C8D8-4391-B453-E147F4920948}
	EndGlobalSection
EndGlobal
